
Microsoft Visual Studio Solution File, Format Version 12.00
# Visual Studio Version 17
VisualStudioVersion = 17.4.33205.214
MinimumVisualStudioVersion = 10.0.40219.1
Project("{9A19103F-16F7-4668-BE54-9A1E7A4F7556}") = "OgrenciSistem", "OgrenciSistem.csproj", "{DAE0C374-2B11-4B90-91A7-CC0A6F06E99E}"
EndProject
Global
	GlobalSection(SolutionConfigurationPlatforms) = preSolution
		Debug|Any CPU = Debug|Any CPU
		Release|Any CPU = Release|Any CPU
	EndGlobalSection
	GlobalSection(ProjectConfigurationPlatforms) = postSolution
		{DAE0C374-2B11-4B90-91A7-CC0A6F06E99E}.Debug|Any CPU.ActiveCfg = Debug|Any CPU
		{DAE0C374-2B11-4B90-91A7-CC0A6F06E99E}.Debug|Any CPU.Build.0 = Debug|Any CPU
		{DAE0C374-2B11-4B90-91A7-CC0A6F06E99E}.Release|Any CPU.ActiveCfg = Release|Any CPU
		{DAE0C374-2B11-4B90-91A7-CC0A6F06E99E}.Release|Any CPU.Build.0 = Release|Any CPU
	EndGlobalSection
	GlobalSection(SolutionProperties) = preSolution
		HideSolutionNode = FALSE
	EndGlobalSection
	GlobalSection(ExtensibilityGlobals) = postSolution
		SolutionGuid = {6031FD77-D022-4151-86A1-6B687CE6DEE4}
	EndGlobalSection
EndGlobal
